
Microsoft Visual Studio Solution File, Format Version 12.00
# Visual Studio Version 16
VisualStudioVersion = 16.0.29905.134
MinimumVisualStudioVersion = 10.0.40219.1
Project("{FAE04EC0-301F-11D3-BF4B-00C04F79EFBC}") = "CsharpBigHomework", "CsharpBigHomework.csproj", "{EA3739DD-A09E-418F-A9FA-FF9446F3289D}"
EndProject
Global
	GlobalSection(SolutionConfigurationPlatforms) = preSolution
		Debug|Any CPU = Debug|Any CPU
		Release|Any CPU = Release|Any CPU
	EndGlobalSection
	GlobalSection(ProjectConfigurationPlatforms) = postSolution
		{EA3739DD-A09E-418F-A9FA-FF9446F3289D}.Debug|Any CPU.ActiveCfg = Debug|Any CPU
		{EA3739DD-A09E-418F-A9FA-FF9446F3289D}.Debug|Any CPU.Build.0 = Debug|Any CPU
		{EA3739DD-A09E-418F-A9FA-FF9446F3289D}.Release|Any CPU.ActiveCfg = Release|Any CPU
		{EA3739DD-A09E-418F-A9FA-FF9446F3289D}.Release|Any CPU.Build.0 = Release|Any CPU
	EndGlobalSection
	GlobalSection(SolutionProperties) = preSolution
		HideSolutionNode = FALSE
	EndGlobalSection
	GlobalSection(ExtensibilityGlobals) = postSolution
		SolutionGuid = {F5B7520F-0D09-4C72-9A47-CC6AA016E7BA}
	EndGlobalSection
EndGlobal
