
Microsoft Visual Studio Solution File, Format Version 12.00
# Visual Studio Version 16
VisualStudioVersion = 16.0.29905.134
MinimumVisualStudioVersion = 10.0.40219.1
Project("{FAE04EC0-301F-11D3-BF4B-00C04F79EFBC}") = "Novel_Read", "Novel_Read.csproj", "{91F9C627-F785-4980-88C1-412361F8888D}"
EndProject
Global
	GlobalSection(SolutionConfigurationPlatforms) = preSolution
		Debug|Any CPU = Debug|Any CPU
		Release|Any CPU = Release|Any CPU
	EndGlobalSection
	GlobalSection(ProjectConfigurationPlatforms) = postSolution
		{91F9C627-F785-4980-88C1-412361F8888D}.Debug|Any CPU.ActiveCfg = Debug|Any CPU
		{91F9C627-F785-4980-88C1-412361F8888D}.Debug|Any CPU.Build.0 = Debug|Any CPU
		{91F9C627-F785-4980-88C1-412361F8888D}.Release|Any CPU.ActiveCfg = Release|Any CPU
		{91F9C627-F785-4980-88C1-412361F8888D}.Release|Any CPU.Build.0 = Release|Any CPU
	EndGlobalSection
	GlobalSection(SolutionProperties) = preSolution
		HideSolutionNode = FALSE
	EndGlobalSection
	GlobalSection(ExtensibilityGlobals) = postSolution
		SolutionGuid = {A8A31784-7DD9-40A6-833A-016014DB44C3}
	EndGlobalSection
EndGlobal
